// !$*UTF8*$!
{
	archiveVersion = 1;
	classes = {
	};
	objectVersion = 55;
	objects = {

/* Begin PBXBuildFile section */
		3B0834DC27E3C4650080DEED /* BrewMethod.swift in Sources */ = {isa = PBXBuildFile; fileRef = 3B0834DB27E3C4650080DEED /* BrewMethod.swift */; };
		3B0834E027E3D8A20080DEED /* NewBrewMethod.swift in Sources */ = {isa = PBXBuildFile; fileRef = 3B0834DF27E3D8A20080DEED /* NewBrewMethod.swift */; };
		3B1C714B2722487A000505BF /* CarafeApp.swift in Sources */ = {isa = PBXBuildFile; fileRef = 3B1C714A2722487A000505BF /* CarafeApp.swift */; };
		3B1C714D2722487A000505BF /* ContentView.swift in Sources */ = {isa = PBXBuildFile; fileRef = 3B1C714C2722487A000505BF /* ContentView.swift */; };
		3B1C714F2722487C000505BF /* Assets.xcassets in Resources */ = {isa = PBXBuildFile; fileRef = 3B1C714E2722487C000505BF /* Assets.xcassets */; };
		3B1C71522722487C000505BF /* Preview Assets.xcassets in Resources */ = {isa = PBXBuildFile; fileRef = 3B1C71512722487C000505BF /* Preview Assets.xcassets */; };
		3B26D5AB27E68DAE0097F49B /* History.swift in Sources */ = {isa = PBXBuildFile; fileRef = 3B26D5AA27E68DAE0097F49B /* History.swift */; };
		3B26D5AD27E6A0430097F49B /* Store.swift in Sources */ = {isa = PBXBuildFile; fileRef = 3B26D5AC27E6A0430097F49B /* Store.swift */; };
		3B26D5AF27E6AB000097F49B /* Units.swift in Sources */ = {isa = PBXBuildFile; fileRef = 3B26D5AE27E6AB000097F49B /* Units.swift */; };
		3B26D5B127E6AB190097F49B /* AmountObject.swift in Sources */ = {isa = PBXBuildFile; fileRef = 3B26D5B027E6AB190097F49B /* AmountObject.swift */; };
		3BAF91D427E2BE3B00009BD2 /* WaterPreset.swift in Sources */ = {isa = PBXBuildFile; fileRef = 3BAF91D327E2BE3B00009BD2 /* WaterPreset.swift */; };
		3BAF91D627E2C95100009BD2 /* Settings.swift in Sources */ = {isa = PBXBuildFile; fileRef = 3BAF91D527E2C95100009BD2 /* Settings.swift */; };
/* End PBXBuildFile section */

/* Begin PBXFileReference section */
		3B0834DB27E3C4650080DEED /* BrewMethod.swift */ = {isa = PBXFileReference; lastKnownFileType = sourcecode.swift; path = BrewMethod.swift; sourceTree = "<group>"; };
		3B0834DF27E3D8A20080DEED /* NewBrewMethod.swift */ = {isa = PBXFileReference; lastKnownFileType = sourcecode.swift; path = NewBrewMethod.swift; sourceTree = "<group>"; };
		3B1C71472722487A000505BF /* Carafe.app */ = {isa = PBXFileReference; explicitFileType = wrapper.application; includeInIndex = 0; path = Carafe.app; sourceTree = BUILT_PRODUCTS_DIR; };
		3B1C714A2722487A000505BF /* CarafeApp.swift */ = {isa = PBXFileReference; lastKnownFileType = sourcecode.swift; path = CarafeApp.swift; sourceTree = "<group>"; };
		3B1C714C2722487A000505BF /* ContentView.swift */ = {isa = PBXFileReference; lastKnownFileType = sourcecode.swift; path = ContentView.swift; sourceTree = "<group>"; };
		3B1C714E2722487C000505BF /* Assets.xcassets */ = {isa = PBXFileReference; lastKnownFileType = folder.assetcatalog; path = Assets.xcassets; sourceTree = "<group>"; };
		3B1C71512722487C000505BF /* Preview Assets.xcassets */ = {isa = PBXFileReference; lastKnownFileType = folder.assetcatalog; path = "Preview Assets.xcassets"; sourceTree = "<group>"; };
		3B26D5AA27E68DAE0097F49B /* History.swift */ = {isa = PBXFileReference; lastKnownFileType = sourcecode.swift; path = History.swift; sourceTree = "<group>"; };
		3B26D5AC27E6A0430097F49B /* Store.swift */ = {isa = PBXFileReference; lastKnownFileType = sourcecode.swift; path = Store.swift; sourceTree = "<group>"; };
		3B26D5AE27E6AB000097F49B /* Units.swift */ = {isa = PBXFileReference; lastKnownFileType = sourcecode.swift; path = Units.swift; sourceTree = "<group>"; };
		3B26D5B027E6AB190097F49B /* AmountObject.swift */ = {isa = PBXFileReference; lastKnownFileType = sourcecode.swift; path = AmountObject.swift; sourceTree = "<group>"; };
		3B26F21927E2F65A00CD8F44 /* Info.plist */ = {isa = PBXFileReference; lastKnownFileType = text.plist.xml; path = Info.plist; sourceTree = "<group>"; };
		3BAF91D327E2BE3B00009BD2 /* WaterPreset.swift */ = {isa = PBXFileReference; lastKnownFileType = sourcecode.swift; path = WaterPreset.swift; sourceTree = "<group>"; };
		3BAF91D527E2C95100009BD2 /* Settings.swift */ = {isa = PBXFileReference; lastKnownFileType = sourcecode.swift; path = Settings.swift; sourceTree = "<group>"; };
/* End PBXFileReference section */

/* Begin PBXFrameworksBuildPhase section */
		3B1C71442722487A000505BF /* Frameworks */ = {
			isa = PBXFrameworksBuildPhase;
			buildActionMask = 2147483647;
			files = (
			);
			runOnlyForDeploymentPostprocessing = 0;
		};
/* End PBXFrameworksBuildPhase section */

/* Begin PBXGroup section */
		3B0834DA27E3C43D0080DEED /* Models */ = {
			isa = PBXGroup;
			children = (
				3B0834DB27E3C4650080DEED /* BrewMethod.swift */,
				3B26D5AA27E68DAE0097F49B /* History.swift */,
				3B26D5AE27E6AB000097F49B /* Units.swift */,
				3B26D5B027E6AB190097F49B /* AmountObject.swift */,
			);
			path = Models;
			sourceTree = "<group>";
		};
		3B1C713E2722487A000505BF = {
			isa = PBXGroup;
			children = (
				3B1C71492722487A000505BF /* Carafe */,
				3B1C71482722487A000505BF /* Products */,
			);
			sourceTree = "<group>";
		};
		3B1C71482722487A000505BF /* Products */ = {
			isa = PBXGroup;
			children = (
				3B1C71472722487A000505BF /* Carafe.app */,
			);
			name = Products;
			sourceTree = "<group>";
		};
		3B1C71492722487A000505BF /* Carafe */ = {
			isa = PBXGroup;
			children = (
				3B26D5AC27E6A0430097F49B /* Store.swift */,
				3B0834DA27E3C43D0080DEED /* Models */,
				3B26F21927E2F65A00CD8F44 /* Info.plist */,
				3BAF91D227E2BE1B00009BD2 /* Views */,
				3B1C714A2722487A000505BF /* CarafeApp.swift */,
				3B1C714C2722487A000505BF /* ContentView.swift */,
				3B1C714E2722487C000505BF /* Assets.xcassets */,
				3B1C71502722487C000505BF /* Preview Content */,
			);
			path = Carafe;
			sourceTree = "<group>";
		};
		3B1C71502722487C000505BF /* Preview Content */ = {
			isa = PBXGroup;
			children = (
				3B1C71512722487C000505BF /* Preview Assets.xcassets */,
			);
			path = "Preview Content";
			sourceTree = "<group>";
		};
		3BAF91D227E2BE1B00009BD2 /* Views */ = {
			isa = PBXGroup;
			children = (
				3BAF91D327E2BE3B00009BD2 /* WaterPreset.swift */,
				3BAF91D527E2C95100009BD2 /* Settings.swift */,
				3B0834DF27E3D8A20080DEED /* NewBrewMethod.swift */,
			);
			path = Views;
			sourceTree = "<group>";
		};
/* End PBXGroup section */

/* Begin PBXNativeTarget section */
		3B1C71462722487A000505BF /* Carafe */ = {
			isa = PBXNativeTarget;
			buildConfigurationList = 3B1C71552722487C000505BF /* Build configuration list for PBXNativeTarget "Carafe" */;
			buildPhases = (
				3B1C71432722487A000505BF /* Sources */,
				3B1C71442722487A000505BF /* Frameworks */,
				3B1C71452722487A000505BF /* Resources */,
			);
			buildRules = (
			);
			dependencies = (
			);
			name = Carafe;
			productName = BeanRatio;
			productReference = 3B1C71472722487A000505BF /* Carafe.app */;
			productType = "com.apple.product-type.application";
		};
/* End PBXNativeTarget section */

/* Begin PBXProject section */
		3B1C713F2722487A000505BF /* Project object */ = {
			isa = PBXProject;
			attributes = {
				BuildIndependentTargetsInParallel = 1;
				LastSwiftUpdateCheck = 1300;
				LastUpgradeCheck = 1300;
				TargetAttributes = {
					3B1C71462722487A000505BF = {
						CreatedOnToolsVersion = 13.0;
					};
				};
			};
			buildConfigurationList = 3B1C71422722487A000505BF /* Build configuration list for PBXProject "Carafe" */;
			compatibilityVersion = "Xcode 13.0";
			developmentRegion = en;
			hasScannedForEncodings = 0;
			knownRegions = (
				en,
				Base,
			);
			mainGroup = 3B1C713E2722487A000505BF;
			productRefGroup = 3B1C71482722487A000505BF /* Products */;
			projectDirPath = "";
			projectRoot = "";
			targets = (
				3B1C71462722487A000505BF /* Carafe */,
			);
		};
/* End PBXProject section */

/* Begin PBXResourcesBuildPhase section */
		3B1C71452722487A000505BF /* Resources */ = {
			isa = PBXResourcesBuildPhase;
			buildActionMask = 2147483647;
			files = (
				3B1C71522722487C000505BF /* Preview Assets.xcassets in Resources */,
				3B1C714F2722487C000505BF /* Assets.xcassets in Resources */,
			);
			runOnlyForDeploymentPostprocessing = 0;
		};
/* End PBXResourcesBuildPhase section */

/* Begin PBXSourcesBuildPhase section */
		3B1C71432722487A000505BF /* Sources */ = {
			isa = PBXSourcesBuildPhase;
			buildActionMask = 2147483647;
			files = (
				3B26D5B127E6AB190097F49B /* AmountObject.swift in Sources */,
				3B26D5AF27E6AB000097F49B /* Units.swift in Sources */,
				3B26D5AB27E68DAE0097F49B /* History.swift in Sources */,
				3B1C714D2722487A000505BF /* ContentView.swift in Sources */,
				3B0834DC27E3C4650080DEED /* BrewMethod.swift in Sources */,
				3B1C714B2722487A000505BF /* CarafeApp.swift in Sources */,
				3B26D5AD27E6A0430097F49B /* Store.swift in Sources */,
				3B0834E027E3D8A20080DEED /* NewBrewMethod.swift in Sources */,
				3BAF91D627E2C95100009BD2 /* Settings.swift in Sources */,
				3BAF91D427E2BE3B00009BD2 /* WaterPreset.swift in Sources */,
			);
			runOnlyForDeploymentPostprocessing = 0;
		};
/* End PBXSourcesBuildPhase section */

/* Begin XCBuildConfiguration section */
		3B1C71532722487C000505BF /* Debug */ = {
			isa = XCBuildConfiguration;
			buildSettings = {
				ALWAYS_SEARCH_USER_PATHS = NO;
				CLANG_ANALYZER_NONNULL = YES;
				CLANG_ANALYZER_NUMBER_OBJECT_CONVERSION = YES_AGGRESSIVE;
				CLANG_CXX_LANGUAGE_STANDARD = "gnu++17";
				CLANG_CXX_LIBRARY = "libc++";
				CLANG_ENABLE_MODULES = YES;
				CLANG_ENABLE_OBJC_ARC = YES;
				CLANG_ENABLE_OBJC_WEAK = YES;
				CLANG_WARN_BLOCK_CAPTURE_AUTORELEASING = YES;
				CLANG_WARN_BOOL_CONVERSION = YES;
				CLANG_WARN_COMMA = YES;
				CLANG_WARN_CONSTANT_CONVERSION = YES;
				CLANG_WARN_DEPRECATED_OBJC_IMPLEMENTATIONS = YES;
				CLANG_WARN_DIRECT_OBJC_ISA_USAGE = YES_ERROR;
				CLANG_WARN_DOCUMENTATION_COMMENTS = YES;
				CLANG_WARN_EMPTY_BODY = YES;
				CLANG_WARN_ENUM_CONVERSION = YES;
				CLANG_WARN_INFINITE_RECURSION = YES;
				CLANG_WARN_INT_CONVERSION = YES;
				CLANG_WARN_NON_LITERAL_NULL_CONVERSION = YES;
				CLANG_WARN_OBJC_IMPLICIT_RETAIN_SELF = YES;
				CLANG_WARN_OBJC_LITERAL_CONVERSION = YES;
				CLANG_WARN_OBJC_ROOT_CLASS = YES_ERROR;
				CLANG_WARN_QUOTED_INCLUDE_IN_FRAMEWORK_HEADER = YES;
				CLANG_WARN_RANGE_LOOP_ANALYSIS = YES;
				CLANG_WARN_STRICT_PROTOTYPES = YES;
				CLANG_WARN_SUSPICIOUS_MOVE = YES;
				CLANG_WARN_UNGUARDED_AVAILABILITY = YES_AGGRESSIVE;
				CLANG_WARN_UNREACHABLE_CODE = YES;
				CLANG_WARN__DUPLICATE_METHOD_MATCH = YES;
				COPY_PHASE_STRIP = NO;
				DEBUG_INFORMATION_FORMAT = dwarf;
				ENABLE_STRICT_OBJC_MSGSEND = YES;
				ENABLE_TESTABILITY = YES;
				GCC_C_LANGUAGE_STANDARD = gnu11;
				GCC_DYNAMIC_NO_PIC = NO;
				GCC_NO_COMMON_BLOCKS = YES;
				GCC_OPTIMIZATION_LEVEL = 0;
				GCC_PREPROCESSOR_DEFINITIONS = (
					"DEBUG=1",
					"$(inherited)",
				);
				GCC_WARN_64_TO_32_BIT_CONVERSION = YES;
				GCC_WARN_ABOUT_RETURN_TYPE = YES_ERROR;
				GCC_WARN_UNDECLARED_SELECTOR = YES;
				GCC_WARN_UNINITIALIZED_AUTOS = YES_AGGRESSIVE;
				GCC_WARN_UNUSED_FUNCTION = YES;
				GCC_WARN_UNUSED_VARIABLE = YES;
				IPHONEOS_DEPLOYMENT_TARGET = 15.0;
				MTL_ENABLE_DEBUG_INFO = INCLUDE_SOURCE;
				MTL_FAST_MATH = YES;
				ONLY_ACTIVE_ARCH = YES;
				SDKROOT = iphoneos;
				SWIFT_ACTIVE_COMPILATION_CONDITIONS = DEBUG;
				SWIFT_OPTIMIZATION_LEVEL = "-Onone";
			};
			name = Debug;
		};
		3B1C71542722487C000505BF /* Release */ = {
			isa = XCBuildConfiguration;
			buildSettings = {
				ALWAYS_SEARCH_USER_PATHS = NO;
				CLANG_ANALYZER_NONNULL = YES;
				CLANG_ANALYZER_NUMBER_OBJECT_CONVERSION = YES_AGGRESSIVE;
				CLANG_CXX_LANGUAGE_STANDARD = "gnu++17";
				CLANG_CXX_LIBRARY = "libc++";
				CLANG_ENABLE_MODULES = YES;
				CLANG_ENABLE_OBJC_ARC = YES;
				CLANG_ENABLE_OBJC_WEAK = YES;
				CLANG_WARN_BLOCK_CAPTURE_AUTORELEASING = YES;
				CLANG_WARN_BOOL_CONVERSION = YES;
				CLANG_WARN_COMMA = YES;
				CLANG_WARN_CONSTANT_CONVERSION = YES;
				CLANG_WARN_DEPRECATED_OBJC_IMPLEMENTATIONS = YES;
				CLANG_WARN_DIRECT_OBJC_ISA_USAGE = YES_ERROR;
				CLANG_WARN_DOCUMENTATION_COMMENTS = YES;
				CLANG_WARN_EMPTY_BODY = YES;
				CLANG_WARN_ENUM_CONVERSION = YES;
				CLANG_WARN_INFINITE_RECURSION = YES;
				CLANG_WARN_INT_CONVERSION = YES;
				CLANG_WARN_NON_LITERAL_NULL_CONVERSION = YES;
				CLANG_WARN_OBJC_IMPLICIT_RETAIN_SELF = YES;
				CLANG_WARN_OBJC_LITERAL_CONVERSION = YES;
				CLANG_WARN_OBJC_ROOT_CLASS = YES_ERROR;
				CLANG_WARN_QUOTED_INCLUDE_IN_FRAMEWORK_HEADER = YES;
				CLANG_WARN_RANGE_LOOP_ANALYSIS = YES;
				CLANG_WARN_STRICT_PROTOTYPES = YES;
				CLANG_WARN_SUSPICIOUS_MOVE = YES;
				CLANG_WARN_UNGUARDED_AVAILABILITY = YES_AGGRESSIVE;
				CLANG_WARN_UNREACHABLE_CODE = YES;
				CLANG_WARN__DUPLICATE_METHOD_MATCH = YES;
				COPY_PHASE_STRIP = NO;
				DEBUG_INFORMATION_FORMAT = "dwarf-with-dsym";
				ENABLE_NS_ASSERTIONS = NO;
				ENABLE_STRICT_OBJC_MSGSEND = YES;
				GCC_C_LANGUAGE_STANDARD = gnu11;
				GCC_NO_COMMON_BLOCKS = YES;
				GCC_WARN_64_TO_32_BIT_CONVERSION = YES;
				GCC_WARN_ABOUT_RETURN_TYPE = YES_ERROR;
				GCC_WARN_UNDECLARED_SELECTOR = YES;
				GCC_WARN_UNINITIALIZED_AUTOS = YES_AGGRESSIVE;
				GCC_WARN_UNUSED_FUNCTION = YES;
				GCC_WARN_UNUSED_VARIABLE = YES;
				IPHONEOS_DEPLOYMENT_TARGET = 15.0;
				MTL_ENABLE_DEBUG_INFO = NO;
				MTL_FAST_MATH = YES;
				SDKROOT = iphoneos;
				SWIFT_COMPILATION_MODE = wholemodule;
				SWIFT_OPTIMIZATION_LEVEL = "-O";
				VALIDATE_PRODUCT = YES;
			};
			name = Release;
		};
		3B1C71562722487C000505BF /* Debug */ = {
			isa = XCBuildConfiguration;
			buildSettings = {
				ASSETCATALOG_COMPILER_APPICON_NAME = AppIcon;
				ASSETCATALOG_COMPILER_GLOBAL_ACCENT_COLOR_NAME = AccentColor;
				CODE_SIGN_STYLE = Automatic;
				CURRENT_PROJECT_VERSION = 1;
				DEVELOPMENT_ASSET_PATHS = "\"Carafe/Preview Content\"";
				DEVELOPMENT_TEAM = 3B52K98W7P;
				ENABLE_PREVIEWS = YES;
				GENERATE_INFOPLIST_FILE = YES;
				INFOPLIST_FILE = Carafe/Info.plist;
				INFOPLIST_KEY_UIApplicationSceneManifest_Generation = YES;
				INFOPLIST_KEY_UIApplicationSupportsIndirectInputEvents = YES;
				INFOPLIST_KEY_UILaunchScreen_Generation = YES;
				INFOPLIST_KEY_UISupportedInterfaceOrientations = UIInterfaceOrientationPortrait;
				INFOPLIST_KEY_UISupportedInterfaceOrientations_iPad = "UIInterfaceOrientationPortrait UIInterfaceOrientationPortraitUpsideDown UIInterfaceOrientationLandscapeLeft UIInterfaceOrientationLandscapeRight";
				INFOPLIST_KEY_UISupportedInterfaceOrientations_iPhone = "UIInterfaceOrientationPortrait UIInterfaceOrientationLandscapeLeft UIInterfaceOrientationLandscapeRight";
				IPHONEOS_DEPLOYMENT_TARGET = 14.0;
				LD_RUNPATH_SEARCH_PATHS = (
					"$(inherited)",
					"@executable_path/Frameworks",
				);
				MARKETING_VERSION = 1.0;
				PRODUCT_BUNDLE_IDENTIFIER = com.samburkhard.Carafe;
				PRODUCT_NAME = "$(TARGET_NAME)";
				SWIFT_EMIT_LOC_STRINGS = YES;
				SWIFT_VERSION = 5.0;
				TARGETED_DEVICE_FAMILY = 1;
			};
			name = Debug;
		};
		3B1C71572722487C000505BF /* Release */ = {
			isa = XCBuildConfiguration;
			buildSettings = {
				ASSETCATALOG_COMPILER_APPICON_NAME = AppIcon;
				ASSETCATALOG_COMPILER_GLOBAL_ACCENT_COLOR_NAME = AccentColor;
				CODE_SIGN_STYLE = Automatic;
				CURRENT_PROJECT_VERSION = 1;
				DEVELOPMENT_ASSET_PATHS = "\"Carafe/Preview Content\"";
				DEVELOPMENT_TEAM = 3B52K98W7P;
				ENABLE_PREVIEWS = YES;
				GENERATE_INFOPLIST_FILE = YES;
				INFOPLIST_FILE = Carafe/Info.plist;
				INFOPLIST_KEY_UIApplicationSceneManifest_Generation = YES;
				INFOPLIST_KEY_UIApplicationSupportsIndirectInputEvents = YES;
				INFOPLIST_KEY_UILaunchScreen_Generation = YES;
				INFOPLIST_KEY_UISupportedInterfaceOrientations = UIInterfaceOrientationPortrait;
				INFOPLIST_KEY_UISupportedInterfaceOrientations_iPad = "UIInterfaceOrientationPortrait UIInterfaceOrientationPortraitUpsideDown UIInterfaceOrientationLandscapeLeft UIInterfaceOrientationLandscapeRight";
				INFOPLIST_KEY_UISupportedInterfaceOrientations_iPhone = "UIInterfaceOrientationPortrait UIInterfaceOrientationLandscapeLeft UIInterfaceOrientationLandscapeRight";
				IPHONEOS_DEPLOYMENT_TARGET = 14.0;
				LD_RUNPATH_SEARCH_PATHS = (
					"$(inherited)",
					"@executable_path/Frameworks",
				);
				MARKETING_VERSION = 1.0;
				PRODUCT_BUNDLE_IDENTIFIER = com.samburkhard.Carafe;
				PRODUCT_NAME = "$(TARGET_NAME)";
				SWIFT_EMIT_LOC_STRINGS = YES;
				SWIFT_VERSION = 5.0;
				TARGETED_DEVICE_FAMILY = 1;
			};
			name = Release;
		};
/* End XCBuildConfiguration section */

/* Begin XCConfigurationList section */
		3B1C71422722487A000505BF /* Build configuration list for PBXProject "Carafe" */ = {
			isa = XCConfigurationList;
			buildConfigurations = (
				3B1C71532722487C000505BF /* Debug */,
				3B1C71542722487C000505BF /* Release */,
			);
			defaultConfigurationIsVisible = 0;
			defaultConfigurationName = Release;
		};
		3B1C71552722487C000505BF /* Build configuration list for PBXNativeTarget "Carafe" */ = {
			isa = XCConfigurationList;
			buildConfigurations = (
				3B1C71562722487C000505BF /* Debug */,
				3B1C71572722487C000505BF /* Release */,
			);
			defaultConfigurationIsVisible = 0;
			defaultConfigurationName = Release;
		};
/* End XCConfigurationList section */
	};
	rootObject = 3B1C713F2722487A000505BF /* Project object */;
}
